// !$*UTF8*$!
{
	archiveVersion = 1;
	classes = {
	};
	objectVersion = 48;
	objects = {

/* Begin PBXBuildFile section */
		743CDA8D20746DE100EA947D /* AppDelegate.swift in Sources */ = {isa = PBXBuildFile; fileRef = 743CDA8C20746DE100EA947D /* AppDelegate.swift */; };
		743CDA8F20746DE100EA947D /* ViewController.swift in Sources */ = {isa = PBXBuildFile; fileRef = 743CDA8E20746DE100EA947D /* ViewController.swift */; };
		743CDA9220746DE100EA947D /* Main.storyboard in Resources */ = {isa = PBXBuildFile; fileRef = 743CDA9020746DE100EA947D /* Main.storyboard */; };
		743CDA9420746DE100EA947D /* Assets.xcassets in Resources */ = {isa = PBXBuildFile; fileRef = 743CDA9320746DE100EA947D /* Assets.xcassets */; };
		743CDA9720746DE100EA947D /* LaunchScreen.storyboard in Resources */ = {isa = PBXBuildFile; fileRef = 743CDA9520746DE100EA947D /* LaunchScreen.storyboard */; };
		743CDAA420746E6A00EA947D /* frame4.png in Resources */ = {isa = PBXBuildFile; fileRef = 743CDA9F20746E6A00EA947D /* frame4.png */; };
		743CDAA520746E6A00EA947D /* frame2.png in Resources */ = {isa = PBXBuildFile; fileRef = 743CDAA020746E6A00EA947D /* frame2.png */; };
		743CDAA620746E6A00EA947D /* frame3.png in Resources */ = {isa = PBXBuildFile; fileRef = 743CDAA120746E6A00EA947D /* frame3.png */; };
		743CDAA720746E6A00EA947D /* frame1.png in Resources */ = {isa = PBXBuildFile; fileRef = 743CDAA220746E6A00EA947D /* frame1.png */; };
		743CDAA820746E6A00EA947D /* frame5.png in Resources */ = {isa = PBXBuildFile; fileRef = 743CDAA320746E6A00EA947D /* frame5.png */; };
/* End PBXBuildFile section */

/* Begin PBXFileReference section */
		743CDA8920746DE100EA947D /* Alien Animation.app */ = {isa = PBXFileReference; explicitFileType = wrapper.application; includeInIndex = 0; path = "Alien Animation.app"; sourceTree = BUILT_PRODUCTS_DIR; };
		743CDA8C20746DE100EA947D /* AppDelegate.swift */ = {isa = PBXFileReference; lastKnownFileType = sourcecode.swift; path = AppDelegate.swift; sourceTree = "<group>"; };
		743CDA8E20746DE100EA947D /* ViewController.swift */ = {isa = PBXFileReference; lastKnownFileType = sourcecode.swift; path = ViewController.swift; sourceTree = "<group>"; };
		743CDA9120746DE100EA947D /* Base */ = {isa = PBXFileReference; lastKnownFileType = file.storyboard; name = Base; path = Base.lproj/Main.storyboard; sourceTree = "<group>"; };
		743CDA9320746DE100EA947D /* Assets.xcassets */ = {isa = PBXFileReference; lastKnownFileType = folder.assetcatalog; path = Assets.xcassets; sourceTree = "<group>"; };
		743CDA9620746DE100EA947D /* Base */ = {isa = PBXFileReference; lastKnownFileType = file.storyboard; name = Base; path = Base.lproj/LaunchScreen.storyboard; sourceTree = "<group>"; };
		743CDA9820746DE100EA947D /* Info.plist */ = {isa = PBXFileReference; lastKnownFileType = text.plist.xml; path = Info.plist; sourceTree = "<group>"; };
		743CDA9F20746E6A00EA947D /* frame4.png */ = {isa = PBXFileReference; lastKnownFileType = image.png; path = frame4.png; sourceTree = "<group>"; };
		743CDAA020746E6A00EA947D /* frame2.png */ = {isa = PBXFileReference; lastKnownFileType = image.png; path = frame2.png; sourceTree = "<group>"; };
		743CDAA120746E6A00EA947D /* frame3.png */ = {isa = PBXFileReference; lastKnownFileType = image.png; path = frame3.png; sourceTree = "<group>"; };
		743CDAA220746E6A00EA947D /* frame1.png */ = {isa = PBXFileReference; lastKnownFileType = image.png; path = frame1.png; sourceTree = "<group>"; };
		743CDAA320746E6A00EA947D /* frame5.png */ = {isa = PBXFileReference; lastKnownFileType = image.png; path = frame5.png; sourceTree = "<group>"; };
/* End PBXFileReference section */

/* Begin PBXFrameworksBuildPhase section */
		743CDA8620746DE100EA947D /* Frameworks */ = {
			isa = PBXFrameworksBuildPhase;
			buildActionMask = 2147483647;
			files = (
			);
			runOnlyForDeploymentPostprocessing = 0;
		};
/* End PBXFrameworksBuildPhase section */

/* Begin PBXGroup section */
		743CDA8020746DE100EA947D = {
			isa = PBXGroup;
			children = (
				743CDA8B20746DE100EA947D /* Alien Animation */,
				743CDA8A20746DE100EA947D /* Products */,
			);
			sourceTree = "<group>";
		};
		743CDA8A20746DE100EA947D /* Products */ = {
			isa = PBXGroup;
			children = (
				743CDA8920746DE100EA947D /* Alien Animation.app */,
			);
			name = Products;
			sourceTree = "<group>";
		};
		743CDA8B20746DE100EA947D /* Alien Animation */ = {
			isa = PBXGroup;
			children = (
				743CDA9E20746E0500EA947D /* Images */,
				743CDA8C20746DE100EA947D /* AppDelegate.swift */,
				743CDA8E20746DE100EA947D /* ViewController.swift */,
				743CDA9020746DE100EA947D /* Main.storyboard */,
				743CDA9320746DE100EA947D /* Assets.xcassets */,
				743CDA9520746DE100EA947D /* LaunchScreen.storyboard */,
				743CDA9820746DE100EA947D /* Info.plist */,
			);
			path = "Alien Animation";
			sourceTree = "<group>";
		};
		743CDA9E20746E0500EA947D /* Images */ = {
			isa = PBXGroup;
			children = (
				743CDAA220746E6A00EA947D /* frame1.png */,
				743CDAA020746E6A00EA947D /* frame2.png */,
				743CDAA120746E6A00EA947D /* frame3.png */,
				743CDA9F20746E6A00EA947D /* frame4.png */,
				743CDAA320746E6A00EA947D /* frame5.png */,
			);
			path = Images;
			sourceTree = "<group>";
		};
/* End PBXGroup section */

/* Begin PBXNativeTarget section */
		743CDA8820746DE100EA947D /* Alien Animation */ = {
			isa = PBXNativeTarget;
			buildConfigurationList = 743CDA9B20746DE100EA947D /* Build configuration list for PBXNativeTarget "Alien Animation" */;
			buildPhases = (
				743CDA8520746DE100EA947D /* Sources */,
				743CDA8620746DE100EA947D /* Frameworks */,
				743CDA8720746DE100EA947D /* Resources */,
			);
			buildRules = (
			);
			dependencies = (
			);
			name = "Alien Animation";
			productName = "Alien Animation";
			productReference = 743CDA8920746DE100EA947D /* Alien Animation.app */;
			productType = "com.apple.product-type.application";
		};
/* End PBXNativeTarget section */

/* Begin PBXProject section */
		743CDA8120746DE100EA947D /* Project object */ = {
			isa = PBXProject;
			attributes = {
				LastSwiftUpdateCheck = 0920;
				LastUpgradeCheck = 0920;
				ORGANIZATIONNAME = lse;
				TargetAttributes = {
					743CDA8820746DE100EA947D = {
						CreatedOnToolsVersion = 9.2;
						ProvisioningStyle = Automatic;
					};
				};
			};
			buildConfigurationList = 743CDA8420746DE100EA947D /* Build configuration list for PBXProject "Alien Animation" */;
			compatibilityVersion = "Xcode 8.0";
			developmentRegion = en;
			hasScannedForEncodings = 0;
			knownRegions = (
				en,
				Base,
			);
			mainGroup = 743CDA8020746DE100EA947D;
			productRefGroup = 743CDA8A20746DE100EA947D /* Products */;
			projectDirPath = "";
			projectRoot = "";
			targets = (
				743CDA8820746DE100EA947D /* Alien Animation */,
			);
		};
/* End PBXProject section */

/* Begin PBXResourcesBuildPhase section */
		743CDA8720746DE100EA947D /* Resources */ = {
			isa = PBXResourcesBuildPhase;
			buildActionMask = 2147483647;
			files = (
				743CDAA520746E6A00EA947D /* frame2.png in Resources */,
				743CDAA620746E6A00EA947D /* frame3.png in Resources */,
				743CDAA420746E6A00EA947D /* frame4.png in Resources */,
				743CDA9720746DE100EA947D /* LaunchScreen.storyboard in Resources */,
				743CDA9420746DE100EA947D /* Assets.xcassets in Resources */,
				743CDAA820746E6A00EA947D /* frame5.png in Resources */,
				743CDAA720746E6A00EA947D /* frame1.png in Resources */,
				743CDA9220746DE100EA947D /* Main.storyboard in Resources */,
			);
			runOnlyForDeploymentPostprocessing = 0;
		};
/* End PBXResourcesBuildPhase section */

/* Begin PBXSourcesBuildPhase section */
		743CDA8520746DE100EA947D /* Sources */ = {
			isa = PBXSourcesBuildPhase;
			buildActionMask = 2147483647;
			files = (
				743CDA8F20746DE100EA947D /* ViewController.swift in Sources */,
				743CDA8D20746DE100EA947D /* AppDelegate.swift in Sources */,
			);
			runOnlyForDeploymentPostprocessing = 0;
		};
/* End PBXSourcesBuildPhase section */

/* Begin PBXVariantGroup section */
		743CDA9020746DE100EA947D /* Main.storyboard */ = {
			isa = PBXVariantGroup;
			children = (
				743CDA9120746DE100EA947D /* Base */,
			);
			name = Main.storyboard;
			sourceTree = "<group>";
		};
		743CDA9520746DE100EA947D /* LaunchScreen.storyboard */ = {
			isa = PBXVariantGroup;
			children = (
				743CDA9620746DE100EA947D /* Base */,
			);
			name = LaunchScreen.storyboard;
			sourceTree = "<group>";
		};
/* End PBXVariantGroup section */

/* Begin XCBuildConfiguration section */
		743CDA9920746DE100EA947D /* Debug */ = {
			isa = XCBuildConfiguration;
			buildSettings = {
				ALWAYS_SEARCH_USER_PATHS = NO;
				CLANG_ANALYZER_NONNULL = YES;
				CLANG_ANALYZER_NUMBER_OBJECT_CONVERSION = YES_AGGRESSIVE;
				CLANG_CXX_LANGUAGE_STANDARD = "gnu++14";
				CLANG_CXX_LIBRARY = "libc++";
				CLANG_ENABLE_MODULES = YES;
				CLANG_ENABLE_OBJC_ARC = YES;
				CLANG_WARN_BLOCK_CAPTURE_AUTORELEASING = YES;
				CLANG_WARN_BOOL_CONVERSION = YES;
				CLANG_WARN_COMMA = YES;
				CLANG_WARN_CONSTANT_CONVERSION = YES;
				CLANG_WARN_DIRECT_OBJC_ISA_USAGE = YES_ERROR;
				CLANG_WARN_DOCUMENTATION_COMMENTS = YES;
				CLANG_WARN_EMPTY_BODY = YES;
				CLANG_WARN_ENUM_CONVERSION = YES;
				CLANG_WARN_INFINITE_RECURSION = YES;
				CLANG_WARN_INT_CONVERSION = YES;
				CLANG_WARN_NON_LITERAL_NULL_CONVERSION = YES;
				CLANG_WARN_OBJC_LITERAL_CONVERSION = YES;
				CLANG_WARN_OBJC_ROOT_CLASS = YES_ERROR;
				CLANG_WARN_RANGE_LOOP_ANALYSIS = YES;
				CLANG_WARN_STRICT_PROTOTYPES = YES;
				CLANG_WARN_SUSPICIOUS_MOVE = YES;
				CLANG_WARN_UNGUARDED_AVAILABILITY = YES_AGGRESSIVE;
				CLANG_WARN_UNREACHABLE_CODE = YES;
				CLANG_WARN__DUPLICATE_METHOD_MATCH = YES;
				CODE_SIGN_IDENTITY = "iPhone Developer";
				COPY_PHASE_STRIP = NO;
				DEBUG_INFORMATION_FORMAT = dwarf;
				ENABLE_STRICT_OBJC_MSGSEND = YES;
				ENABLE_TESTABILITY = YES;
				GCC_C_LANGUAGE_STANDARD = gnu11;
				GCC_DYNAMIC_NO_PIC = NO;
				GCC_NO_COMMON_BLOCKS = YES;
				GCC_OPTIMIZATION_LEVEL = 0;
				GCC_PREPROCESSOR_DEFINITIONS = (
					"DEBUG=1",
					"$(inherited)",
				);
				GCC_WARN_64_TO_32_BIT_CONVERSION = YES;
				GCC_WARN_ABOUT_RETURN_TYPE = YES_ERROR;
				GCC_WARN_UNDECLARED_SELECTOR = YES;
				GCC_WARN_UNINITIALIZED_AUTOS = YES_AGGRESSIVE;
				GCC_WARN_UNUSED_FUNCTION = YES;
				GCC_WARN_UNUSED_VARIABLE = YES;
				IPHONEOS_DEPLOYMENT_TARGET = 11.2;
				MTL_ENABLE_DEBUG_INFO = YES;
				ONLY_ACTIVE_ARCH = YES;
				SDKROOT = iphoneos;
				SWIFT_ACTIVE_COMPILATION_CONDITIONS = DEBUG;
				SWIFT_OPTIMIZATION_LEVEL = "-Onone";
			};
			name = Debug;
		};
		743CDA9A20746DE100EA947D /* Release */ = {
			isa = XCBuildConfiguration;
			buildSettings = {
				ALWAYS_SEARCH_USER_PATHS = NO;
				CLANG_ANALYZER_NONNULL = YES;
				CLANG_ANALYZER_NUMBER_OBJECT_CONVERSION = YES_AGGRESSIVE;
				CLANG_CXX_LANGUAGE_STANDARD = "gnu++14";
				CLANG_CXX_LIBRARY = "libc++";
				CLANG_ENABLE_MODULES = YES;
				CLANG_ENABLE_OBJC_ARC = YES;
				CLANG_WARN_BLOCK_CAPTURE_AUTORELEASING = YES;
				CLANG_WARN_BOOL_CONVERSION = YES;
				CLANG_WARN_COMMA = YES;
				CLANG_WARN_CONSTANT_CONVERSION = YES;
				CLANG_WARN_DIRECT_OBJC_ISA_USAGE = YES_ERROR;
				CLANG_WARN_DOCUMENTATION_COMMENTS = YES;
				CLANG_WARN_EMPTY_BODY = YES;
				CLANG_WARN_ENUM_CONVERSION = YES;
				CLANG_WARN_INFINITE_RECURSION = YES;
				CLANG_WARN_INT_CONVERSION = YES;
				CLANG_WARN_NON_LITERAL_NULL_CONVERSION = YES;
				CLANG_WARN_OBJC_LITERAL_CONVERSION = YES;
				CLANG_WARN_OBJC_ROOT_CLASS = YES_ERROR;
				CLANG_WARN_RANGE_LOOP_ANALYSIS = YES;
				CLANG_WARN_STRICT_PROTOTYPES = YES;
				CLANG_WARN_SUSPICIOUS_MOVE = YES;
				CLANG_WARN_UNGUARDED_AVAILABILITY = YES_AGGRESSIVE;
				CLANG_WARN_UNREACHABLE_CODE = YES;
				CLANG_WARN__DUPLICATE_METHOD_MATCH = YES;
				CODE_SIGN_IDENTITY = "iPhone Developer";
				COPY_PHASE_STRIP = NO;
				DEBUG_INFORMATION_FORMAT = "dwarf-with-dsym";
				ENABLE_NS_ASSERTIONS = NO;
				ENABLE_STRICT_OBJC_MSGSEND = YES;
				GCC_C_LANGUAGE_STANDARD = gnu11;
				GCC_NO_COMMON_BLOCKS = YES;
				GCC_WARN_64_TO_32_BIT_CONVERSION = YES;
				GCC_WARN_ABOUT_RETURN_TYPE = YES_ERROR;
				GCC_WARN_UNDECLARED_SELECTOR = YES;
				GCC_WARN_UNINITIALIZED_AUTOS = YES_AGGRESSIVE;
				GCC_WARN_UNUSED_FUNCTION = YES;
				GCC_WARN_UNUSED_VARIABLE = YES;
				IPHONEOS_DEPLOYMENT_TARGET = 11.2;
				MTL_ENABLE_DEBUG_INFO = NO;
				SDKROOT = iphoneos;
				SWIFT_OPTIMIZATION_LEVEL = "-Owholemodule";
				VALIDATE_PRODUCT = YES;
			};
			name = Release;
		};
		743CDA9C20746DE100EA947D /* Debug */ = {
			isa = XCBuildConfiguration;
			buildSettings = {
				ASSETCATALOG_COMPILER_APPICON_NAME = AppIcon;
				CODE_SIGN_STYLE = Automatic;
				INFOPLIST_FILE = "Alien Animation/Info.plist";
				LD_RUNPATH_SEARCH_PATHS = "$(inherited) @executable_path/Frameworks";
				PRODUCT_BUNDLE_IDENTIFIER = "lyw.ac.kr.Alien-Animation";
				PRODUCT_NAME = "$(TARGET_NAME)";
				SWIFT_VERSION = 4.0;
				TARGETED_DEVICE_FAMILY = "1,2";
			};
			name = Debug;
		};
		743CDA9D20746DE100EA947D /* Release */ = {
			isa = XCBuildConfiguration;
			buildSettings = {
				ASSETCATALOG_COMPILER_APPICON_NAME = AppIcon;
				CODE_SIGN_STYLE = Automatic;
				INFOPLIST_FILE = "Alien Animation/Info.plist";
				LD_RUNPATH_SEARCH_PATHS = "$(inherited) @executable_path/Frameworks";
				PRODUCT_BUNDLE_IDENTIFIER = "lyw.ac.kr.Alien-Animation";
				PRODUCT_NAME = "$(TARGET_NAME)";
				SWIFT_VERSION = 4.0;
				TARGETED_DEVICE_FAMILY = "1,2";
			};
			name = Release;
		};
/* End XCBuildConfiguration section */

/* Begin XCConfigurationList section */
		743CDA8420746DE100EA947D /* Build configuration list for PBXProject "Alien Animation" */ = {
			isa = XCConfigurationList;
			buildConfigurations = (
				743CDA9920746DE100EA947D /* Debug */,
				743CDA9A20746DE100EA947D /* Release */,
			);
			defaultConfigurationIsVisible = 0;
			defaultConfigurationName = Release;
		};
		743CDA9B20746DE100EA947D /* Build configuration list for PBXNativeTarget "Alien Animation" */ = {
			isa = XCConfigurationList;
			buildConfigurations = (
				743CDA9C20746DE100EA947D /* Debug */,
				743CDA9D20746DE100EA947D /* Release */,
			);
			defaultConfigurationIsVisible = 0;
			defaultConfigurationName = Release;
		};
/* End XCConfigurationList section */
	};
	rootObject = 743CDA8120746DE100EA947D /* Project object */;
}
